
Microsoft Visual Studio Solution File, Format Version 12.00
# Visual Studio Version 17
VisualStudioVersion = 17.6.33829.357
MinimumVisualStudioVersion = 10.0.40219.1
Project("{FAE04EC0-301F-11D3-BF4B-00C04F79EFBC}") = "App3.Android", "App3\App3.Android\App3.Android.csproj", "{257DDC74-52A8-48F7-9907-CE3FE99FAC16}"
EndProject
Project("{FAE04EC0-301F-11D3-BF4B-00C04F79EFBC}") = "App3.iOS", "App3\App3.iOS\App3.iOS.csproj", "{68AA7FD4-0EA5-4871-A5EE-F69D04752256}"
EndProject
Project("{FAE04EC0-301F-11D3-BF4B-00C04F79EFBC}") = "App3", "App3\App3\App3.csproj", "{92B75F76-C6F7-42AD-8110-0329AC80EC89}"
EndProject
Global
	GlobalSection(SolutionConfigurationPlatforms) = preSolution
		Debug|Any CPU = Debug|Any CPU
		Debug|iPhone = Debug|iPhone
		Debug|iPhoneSimulator = Debug|iPhoneSimulator
		Release|Any CPU = Release|Any CPU
		Release|iPhone = Release|iPhone
		Release|iPhoneSimulator = Release|iPhoneSimulator
	EndGlobalSection
	GlobalSection(ProjectConfigurationPlatforms) = postSolution
		{257DDC74-52A8-48F7-9907-CE3FE99FAC16}.Debug|Any CPU.ActiveCfg = Debug|Any CPU
		{257DDC74-52A8-48F7-9907-CE3FE99FAC16}.Debug|Any CPU.Build.0 = Debug|Any CPU
		{257DDC74-52A8-48F7-9907-CE3FE99FAC16}.Debug|Any CPU.Deploy.0 = Debug|Any CPU
		{257DDC74-52A8-48F7-9907-CE3FE99FAC16}.Debug|iPhone.ActiveCfg = Debug|Any CPU
		{257DDC74-52A8-48F7-9907-CE3FE99FAC16}.Debug|iPhone.Build.0 = Debug|Any CPU
		{257DDC74-52A8-48F7-9907-CE3FE99FAC16}.Debug|iPhone.Deploy.0 = Debug|Any CPU
		{257DDC74-52A8-48F7-9907-CE3FE99FAC16}.Debug|iPhoneSimulator.ActiveCfg = Debug|Any CPU
		{257DDC74-52A8-48F7-9907-CE3FE99FAC16}.Debug|iPhoneSimulator.Build.0 = Debug|Any CPU
		{257DDC74-52A8-48F7-9907-CE3FE99FAC16}.Debug|iPhoneSimulator.Deploy.0 = Debug|Any CPU
		{257DDC74-52A8-48F7-9907-CE3FE99FAC16}.Release|Any CPU.ActiveCfg = Release|Any CPU
		{257DDC74-52A8-48F7-9907-CE3FE99FAC16}.Release|Any CPU.Build.0 = Release|Any CPU
		{257DDC74-52A8-48F7-9907-CE3FE99FAC16}.Release|Any CPU.Deploy.0 = Release|Any CPU
		{257DDC74-52A8-48F7-9907-CE3FE99FAC16}.Release|iPhone.ActiveCfg = Release|Any CPU
		{257DDC74-52A8-48F7-9907-CE3FE99FAC16}.Release|iPhone.Build.0 = Release|Any CPU
		{257DDC74-52A8-48F7-9907-CE3FE99FAC16}.Release|iPhone.Deploy.0 = Release|Any CPU
		{257DDC74-52A8-48F7-9907-CE3FE99FAC16}.Release|iPhoneSimulator.ActiveCfg = Release|Any CPU
		{257DDC74-52A8-48F7-9907-CE3FE99FAC16}.Release|iPhoneSimulator.Build.0 = Release|Any CPU
		{257DDC74-52A8-48F7-9907-CE3FE99FAC16}.Release|iPhoneSimulator.Deploy.0 = Release|Any CPU
		{68AA7FD4-0EA5-4871-A5EE-F69D04752256}.Debug|Any CPU.ActiveCfg = Debug|iPhone
		{68AA7FD4-0EA5-4871-A5EE-F69D04752256}.Debug|Any CPU.Build.0 = Debug|iPhone
		{68AA7FD4-0EA5-4871-A5EE-F69D04752256}.Debug|Any CPU.Deploy.0 = Debug|iPhone
		{68AA7FD4-0EA5-4871-A5EE-F69D04752256}.Debug|iPhone.ActiveCfg = Debug|iPhone
		{68AA7FD4-0EA5-4871-A5EE-F69D04752256}.Debug|iPhone.Build.0 = Debug|iPhone
		{68AA7FD4-0EA5-4871-A5EE-F69D04752256}.Debug|iPhone.Deploy.0 = Debug|iPhone
		{68AA7FD4-0EA5-4871-A5EE-F69D04752256}.Debug|iPhoneSimulator.ActiveCfg = Debug|iPhoneSimulator
		{68AA7FD4-0EA5-4871-A5EE-F69D04752256}.Debug|iPhoneSimulator.Build.0 = Debug|iPhoneSimulator
		{68AA7FD4-0EA5-4871-A5EE-F69D04752256}.Debug|iPhoneSimulator.Deploy.0 = Debug|iPhoneSimulator
		{68AA7FD4-0EA5-4871-A5EE-F69D04752256}.Release|Any CPU.ActiveCfg = Release|iPhoneSimulator
		{68AA7FD4-0EA5-4871-A5EE-F69D04752256}.Release|Any CPU.Build.0 = Release|iPhoneSimulator
		{68AA7FD4-0EA5-4871-A5EE-F69D04752256}.Release|Any CPU.Deploy.0 = Release|iPhoneSimulator
		{68AA7FD4-0EA5-4871-A5EE-F69D04752256}.Release|iPhone.ActiveCfg = Release|iPhone
		{68AA7FD4-0EA5-4871-A5EE-F69D04752256}.Release|iPhone.Build.0 = Release|iPhone
		{68AA7FD4-0EA5-4871-A5EE-F69D04752256}.Release|iPhone.Deploy.0 = Release|iPhone
		{68AA7FD4-0EA5-4871-A5EE-F69D04752256}.Release|iPhoneSimulator.ActiveCfg = Release|iPhoneSimulator
		{68AA7FD4-0EA5-4871-A5EE-F69D04752256}.Release|iPhoneSimulator.Build.0 = Release|iPhoneSimulator
		{68AA7FD4-0EA5-4871-A5EE-F69D04752256}.Release|iPhoneSimulator.Deploy.0 = Release|iPhoneSimulator
		{92B75F76-C6F7-42AD-8110-0329AC80EC89}.Debug|Any CPU.ActiveCfg = Debug|Any CPU
		{92B75F76-C6F7-42AD-8110-0329AC80EC89}.Debug|Any CPU.Build.0 = Debug|Any CPU
		{92B75F76-C6F7-42AD-8110-0329AC80EC89}.Debug|Any CPU.Deploy.0 = Debug|Any CPU
		{92B75F76-C6F7-42AD-8110-0329AC80EC89}.Debug|iPhone.ActiveCfg = Debug|Any CPU
		{92B75F76-C6F7-42AD-8110-0329AC80EC89}.Debug|iPhone.Build.0 = Debug|Any CPU
		{92B75F76-C6F7-42AD-8110-0329AC80EC89}.Debug|iPhone.Deploy.0 = Debug|Any CPU
		{92B75F76-C6F7-42AD-8110-0329AC80EC89}.Debug|iPhoneSimulator.ActiveCfg = Debug|Any CPU
		{92B75F76-C6F7-42AD-8110-0329AC80EC89}.Debug|iPhoneSimulator.Build.0 = Debug|Any CPU
		{92B75F76-C6F7-42AD-8110-0329AC80EC89}.Debug|iPhoneSimulator.Deploy.0 = Debug|Any CPU
		{92B75F76-C6F7-42AD-8110-0329AC80EC89}.Release|Any CPU.ActiveCfg = Release|Any CPU
		{92B75F76-C6F7-42AD-8110-0329AC80EC89}.Release|Any CPU.Build.0 = Release|Any CPU
		{92B75F76-C6F7-42AD-8110-0329AC80EC89}.Release|Any CPU.Deploy.0 = Release|Any CPU
		{92B75F76-C6F7-42AD-8110-0329AC80EC89}.Release|iPhone.ActiveCfg = Release|Any CPU
		{92B75F76-C6F7-42AD-8110-0329AC80EC89}.Release|iPhone.Build.0 = Release|Any CPU
		{92B75F76-C6F7-42AD-8110-0329AC80EC89}.Release|iPhone.Deploy.0 = Release|Any CPU
		{92B75F76-C6F7-42AD-8110-0329AC80EC89}.Release|iPhoneSimulator.ActiveCfg = Release|Any CPU
		{92B75F76-C6F7-42AD-8110-0329AC80EC89}.Release|iPhoneSimulator.Build.0 = Release|Any CPU
		{92B75F76-C6F7-42AD-8110-0329AC80EC89}.Release|iPhoneSimulator.Deploy.0 = Release|Any CPU
	EndGlobalSection
	GlobalSection(SolutionProperties) = preSolution
		HideSolutionNode = FALSE
	EndGlobalSection
	GlobalSection(ExtensibilityGlobals) = postSolution
		SolutionGuid = {8DA1160D-DD6F-448F-873B-FBD64CA3E8A0}
	EndGlobalSection
EndGlobal
